{
  "R": {
    "Version": "4.4.2",
    "Repositories": [
      { "Name": "CRAN", "URL": "https://cloud.r-project.org" }
    ]
  },
  "Packages": {
    "iNEXT": {
      "Package": "iNEXT",
      "Version": "3.0.1",
      "Source": "Repository",
      "Repository": "CRAN"
    },
    "vegan": {
      "Package": "vegan",
      "Version": "2.6-8",
      "Source": "Repository",
      "Repository": "CRAN"
    },
    "geodiv": {
      "Package": "geodiv",
      "Version": "1.1.0",
      "Source": "Repository",
      "Repository": "CRAN"
    },
    "landscapemetrics": {
      "Package": "landscapemetrics",
      "Version": "2.1.4",
      "Source": "Repository",
      "Repository": "CRAN"
    },
    "plumber": {
      "Package": "plumber",
      "Version": "1.2.2",
      "Source": "Repository",
      "Repository": "CRAN"
    },
    "jsonlite": {
      "Package": "jsonlite",
      "Version": "1.8.8",
      "Source": "Repository",
      "Repository": "CRAN"
    },
    "httr": {
      "Package": "httr",
      "Version": "1.4.7",
      "Source": "Repository",
      "Repository": "CRAN"
    },
    "terra": {
      "Package": "terra",
      "Version": "1.7-78",
      "Source": "Repository",
      "Repository": "CRAN"
    }
  }
}
